
Microsoft Visual Studio Solution File, Format Version 12.00
# Visual Studio Version 17
VisualStudioVersion = 17.9.34607.119
MinimumVisualStudioVersion = 10.0.40219.1
Project("{FAE04EC0-301F-11D3-BF4B-00C04F79EFBC}") = "CSharp002", "CSharp002\CSharp002.csproj", "{FAC45171-0BC3-4F40-AF4C-FA86384F56D0}"
EndProject
Global
	GlobalSection(SolutionConfigurationPlatforms) = preSolution
		Debug|Any CPU = Debug|Any CPU
		Release|Any CPU = Release|Any CPU
	EndGlobalSection
	GlobalSection(ProjectConfigurationPlatforms) = postSolution
		{FAC45171-0BC3-4F40-AF4C-FA86384F56D0}.Debug|Any CPU.ActiveCfg = Debug|Any CPU
		{FAC45171-0BC3-4F40-AF4C-FA86384F56D0}.Debug|Any CPU.Build.0 = Debug|Any CPU
		{FAC45171-0BC3-4F40-AF4C-FA86384F56D0}.Release|Any CPU.ActiveCfg = Release|Any CPU
		{FAC45171-0BC3-4F40-AF4C-FA86384F56D0}.Release|Any CPU.Build.0 = Release|Any CPU
	EndGlobalSection
	GlobalSection(SolutionProperties) = preSolution
		HideSolutionNode = FALSE
	EndGlobalSection
	GlobalSection(ExtensibilityGlobals) = postSolution
		SolutionGuid = {7827FE73-EC79-4EE3-B387-CEA13E29E98D}
	EndGlobalSection
EndGlobal
